uuid: 9a8e9472-0908-497b-aa66-88b70be1d5f5
langcode: en
status: true
dependencies:
  config:
    - block_content.type.standard_cta_block
    - field.storage.paragraph.field_standard_cta_block
    - paragraphs.paragraphs_type.localized_version
id: paragraph.localized_version.field_standard_cta_block
field_name: field_standard_cta_block
entity_type: paragraph
bundle: localized_version
label: 'Localized Standard CTA'
description: ''
required: false
translatable: false
default_value: {  }
default_value_callback: ''
settings:
  handler: 'default:block_content'
  handler_settings:
    target_bundles:
      standard_cta_block: standard_cta_block
    sort:
      field: _none
      direction: ASC
    auto_create: false
    auto_create_bundle: ''
field_type: entity_reference
